
Microsoft Visual Studio Solution File, Format Version 12.00
# Visual Studio 15
VisualStudioVersion = 15.0.28010.2048
MinimumVisualStudioVersion = 10.0.40219.1
Project("{FAE04EC0-301F-11D3-BF4B-00C04F79EFBC}") = "Atomiki", "Atomiki\Atomiki.csproj", "{07E788F1-7724-4FDE-A593-B9DC1AB87EF8}"
EndProject
Global
	GlobalSection(SolutionConfigurationPlatforms) = preSolution
		Debug|Any CPU = Debug|Any CPU
		Release|Any CPU = Release|Any CPU
	EndGlobalSection
	GlobalSection(ProjectConfigurationPlatforms) = postSolution
		{07E788F1-7724-4FDE-A593-B9DC1AB87EF8}.Debug|Any CPU.ActiveCfg = Debug|Any CPU
		{07E788F1-7724-4FDE-A593-B9DC1AB87EF8}.Debug|Any CPU.Build.0 = Debug|Any CPU
		{07E788F1-7724-4FDE-A593-B9DC1AB87EF8}.Release|Any CPU.ActiveCfg = Release|Any CPU
		{07E788F1-7724-4FDE-A593-B9DC1AB87EF8}.Release|Any CPU.Build.0 = Release|Any CPU
	EndGlobalSection
	GlobalSection(SolutionProperties) = preSolution
		HideSolutionNode = FALSE
	EndGlobalSection
	GlobalSection(ExtensibilityGlobals) = postSolution
		SolutionGuid = {CD89D05F-C03F-4D7F-AA98-AA449CF30D2C}
	EndGlobalSection
EndGlobal
